
Microsoft Visual Studio Solution File, Format Version 12.00
# Visual Studio Version 17
VisualStudioVersion = 17.3.32901.215
MinimumVisualStudioVersion = 10.0.40219.1
Project("{FAE04EC0-301F-11D3-BF4B-00C04F79EFBC}") = "degisken-ornek-1", "degisken-ornek-1\degisken-ornek-1.csproj", "{CFD6F468-48BB-4755-80C2-E6CCC8E40E98}"
EndProject
Global
	GlobalSection(SolutionConfigurationPlatforms) = preSolution
		Debug|Any CPU = Debug|Any CPU
		Release|Any CPU = Release|Any CPU
	EndGlobalSection
	GlobalSection(ProjectConfigurationPlatforms) = postSolution
		{CFD6F468-48BB-4755-80C2-E6CCC8E40E98}.Debug|Any CPU.ActiveCfg = Debug|Any CPU
		{CFD6F468-48BB-4755-80C2-E6CCC8E40E98}.Debug|Any CPU.Build.0 = Debug|Any CPU
		{CFD6F468-48BB-4755-80C2-E6CCC8E40E98}.Release|Any CPU.ActiveCfg = Release|Any CPU
		{CFD6F468-48BB-4755-80C2-E6CCC8E40E98}.Release|Any CPU.Build.0 = Release|Any CPU
	EndGlobalSection
	GlobalSection(SolutionProperties) = preSolution
		HideSolutionNode = FALSE
	EndGlobalSection
	GlobalSection(ExtensibilityGlobals) = postSolution
		SolutionGuid = {F5072CEF-9E0E-47EC-832D-0680E30FB0AF}
	EndGlobalSection
EndGlobal
